// !$*UTF8*$!
{
	archiveVersion = 1;
	classes = {
	};
	objectVersion = 60;
	objects = {

/* Begin PBXBuildFile section */
		F689A6102C27BE6B004A0101 /* weather_appApp.swift in Sources */ = {isa = PBXBuildFile; fileRef = F689A60F2C27BE6B004A0101 /* weather_appApp.swift */; };
		F689A6122C27BE6B004A0101 /* ContentView.swift in Sources */ = {isa = PBXBuildFile; fileRef = F689A6112C27BE6B004A0101 /* ContentView.swift */; };
		F689A6142C27BE6C004A0101 /* Assets.xcassets in Resources */ = {isa = PBXBuildFile; fileRef = F689A6132C27BE6C004A0101 /* Assets.xcassets */; };
		F689A6172C27BE6C004A0101 /* Preview Assets.xcassets in Resources */ = {isa = PBXBuildFile; fileRef = F689A6162C27BE6C004A0101 /* Preview Assets.xcassets */; };
		F689A6212C27BE6C004A0101 /* weather_appTests.swift in Sources */ = {isa = PBXBuildFile; fileRef = F689A6202C27BE6C004A0101 /* weather_appTests.swift */; };
		F689A62B2C27BE6C004A0101 /* weather_appUITests.swift in Sources */ = {isa = PBXBuildFile; fileRef = F689A62A2C27BE6C004A0101 /* weather_appUITests.swift */; };
		F689A62D2C27BE6C004A0101 /* weather_appUITestsLaunchTests.swift in Sources */ = {isa = PBXBuildFile; fileRef = F689A62C2C27BE6C004A0101 /* weather_appUITestsLaunchTests.swift */; };
/* End PBXBuildFile section */

/* Begin PBXContainerItemProxy section */
		F689A61D2C27BE6C004A0101 /* PBXContainerItemProxy */ = {
			isa = PBXContainerItemProxy;
			containerPortal = F689A6042C27BE6B004A0101 /* Project object */;
			proxyType = 1;
			remoteGlobalIDString = F689A60B2C27BE6B004A0101;
			remoteInfo = weather_app;
		};
		F689A6272C27BE6C004A0101 /* PBXContainerItemProxy */ = {
			isa = PBXContainerItemProxy;
			containerPortal = F689A6042C27BE6B004A0101 /* Project object */;
			proxyType = 1;
			remoteGlobalIDString = F689A60B2C27BE6B004A0101;
			remoteInfo = weather_app;
		};
/* End PBXContainerItemProxy section */

/* Begin PBXFileReference section */
		F689A60C2C27BE6B004A0101 /* weather_app.app */ = {isa = PBXFileReference; explicitFileType = wrapper.application; includeInIndex = 0; path = weather_app.app; sourceTree = BUILT_PRODUCTS_DIR; };
		F689A60F2C27BE6B004A0101 /* weather_appApp.swift */ = {isa = PBXFileReference; lastKnownFileType = sourcecode.swift; path = weather_appApp.swift; sourceTree = "<group>"; };
		F689A6112C27BE6B004A0101 /* ContentView.swift */ = {isa = PBXFileReference; lastKnownFileType = sourcecode.swift; path = ContentView.swift; sourceTree = "<group>"; };
		F689A6132C27BE6C004A0101 /* Assets.xcassets */ = {isa = PBXFileReference; lastKnownFileType = folder.assetcatalog; path = Assets.xcassets; sourceTree = "<group>"; };
		F689A6162C27BE6C004A0101 /* Preview Assets.xcassets */ = {isa = PBXFileReference; lastKnownFileType = folder.assetcatalog; path = "Preview Assets.xcassets"; sourceTree = "<group>"; };
		F689A61C2C27BE6C004A0101 /* weather_appTests.xctest */ = {isa = PBXFileReference; explicitFileType = wrapper.cfbundle; includeInIndex = 0; path = weather_appTests.xctest; sourceTree = BUILT_PRODUCTS_DIR; };
		F689A6202C27BE6C004A0101 /* weather_appTests.swift */ = {isa = PBXFileReference; lastKnownFileType = sourcecode.swift; path = weather_appTests.swift; sourceTree = "<group>"; };
		F689A6262C27BE6C004A0101 /* weather_appUITests.xctest */ = {isa = PBXFileReference; explicitFileType = wrapper.cfbundle; includeInIndex = 0; path = weather_appUITests.xctest; sourceTree = BUILT_PRODUCTS_DIR; };
		F689A62A2C27BE6C004A0101 /* weather_appUITests.swift */ = {isa = PBXFileReference; lastKnownFileType = sourcecode.swift; path = weather_appUITests.swift; sourceTree = "<group>"; };
		F689A62C2C27BE6C004A0101 /* weather_appUITestsLaunchTests.swift */ = {isa = PBXFileReference; lastKnownFileType = sourcecode.swift; path = weather_appUITestsLaunchTests.swift; sourceTree = "<group>"; };
/* End PBXFileReference section */

/* Begin PBXFrameworksBuildPhase section */
		F689A6092C27BE6B004A0101 /* Frameworks */ = {
			isa = PBXFrameworksBuildPhase;
			buildActionMask = 2147483647;
			files = (
			);
			runOnlyForDeploymentPostprocessing = 0;
		};
		F689A6192C27BE6C004A0101 /* Frameworks */ = {
			isa = PBXFrameworksBuildPhase;
			buildActionMask = 2147483647;
			files = (
			);
			runOnlyForDeploymentPostprocessing = 0;
		};
		F689A6232C27BE6C004A0101 /* Frameworks */ = {
			isa = PBXFrameworksBuildPhase;
			buildActionMask = 2147483647;
			files = (
			);
			runOnlyForDeploymentPostprocessing = 0;
		};
/* End PBXFrameworksBuildPhase section */

/* Begin PBXGroup section */
		F689A6032C27BE6B004A0101 = {
			isa = PBXGroup;
			children = (
				F689A60E2C27BE6B004A0101 /* weather_app */,
				F689A61F2C27BE6C004A0101 /* weather_appTests */,
				F689A6292C27BE6C004A0101 /* weather_appUITests */,
				F689A60D2C27BE6B004A0101 /* Products */,
			);
			sourceTree = "<group>";
		};
		F689A60D2C27BE6B004A0101 /* Products */ = {
			isa = PBXGroup;
			children = (
				F689A60C2C27BE6B004A0101 /* weather_app.app */,
				F689A61C2C27BE6C004A0101 /* weather_appTests.xctest */,
				F689A6262C27BE6C004A0101 /* weather_appUITests.xctest */,
			);
			name = Products;
			sourceTree = "<group>";
		};
		F689A60E2C27BE6B004A0101 /* weather_app */ = {
			isa = PBXGroup;
			children = (
				F689A60F2C27BE6B004A0101 /* weather_appApp.swift */,
				F689A6112C27BE6B004A0101 /* ContentView.swift */,
				F689A6132C27BE6C004A0101 /* Assets.xcassets */,
				F689A6152C27BE6C004A0101 /* Preview Content */,
			);
			path = weather_app;
			sourceTree = "<group>";
		};
		F689A6152C27BE6C004A0101 /* Preview Content */ = {
			isa = PBXGroup;
			children = (
				F689A6162C27BE6C004A0101 /* Preview Assets.xcassets */,
			);
			path = "Preview Content";
			sourceTree = "<group>";
		};
		F689A61F2C27BE6C004A0101 /* weather_appTests */ = {
			isa = PBXGroup;
			children = (
				F689A6202C27BE6C004A0101 /* weather_appTests.swift */,
			);
			path = weather_appTests;
			sourceTree = "<group>";
		};
		F689A6292C27BE6C004A0101 /* weather_appUITests */ = {
			isa = PBXGroup;
			children = (
				F689A62A2C27BE6C004A0101 /* weather_appUITests.swift */,
				F689A62C2C27BE6C004A0101 /* weather_appUITestsLaunchTests.swift */,
			);
			path = weather_appUITests;
			sourceTree = "<group>";
		};
/* End PBXGroup section */

/* Begin PBXNativeTarget section */
		F689A60B2C27BE6B004A0101 /* weather_app */ = {
			isa = PBXNativeTarget;
			buildConfigurationList = F689A6302C27BE6C004A0101 /* Build configuration list for PBXNativeTarget "weather_app" */;
			buildPhases = (
				F689A6082C27BE6B004A0101 /* Sources */,
				F689A6092C27BE6B004A0101 /* Frameworks */,
				F689A60A2C27BE6B004A0101 /* Resources */,
			);
			buildRules = (
			);
			dependencies = (
			);
			name = weather_app;
			productName = weather_app;
			productReference = F689A60C2C27BE6B004A0101 /* weather_app.app */;
			productType = "com.apple.product-type.application";
		};
		F689A61B2C27BE6C004A0101 /* weather_appTests */ = {
			isa = PBXNativeTarget;
			buildConfigurationList = F689A6332C27BE6C004A0101 /* Build configuration list for PBXNativeTarget "weather_appTests" */;
			buildPhases = (
				F689A6182C27BE6C004A0101 /* Sources */,
				F689A6192C27BE6C004A0101 /* Frameworks */,
				F689A61A2C27BE6C004A0101 /* Resources */,
			);
			buildRules = (
			);
			dependencies = (
				F689A61E2C27BE6C004A0101 /* PBXTargetDependency */,
			);
			name = weather_appTests;
			productName = weather_appTests;
			productReference = F689A61C2C27BE6C004A0101 /* weather_appTests.xctest */;
			productType = "com.apple.product-type.bundle.unit-test";
		};
		F689A6252C27BE6C004A0101 /* weather_appUITests */ = {
			isa = PBXNativeTarget;
			buildConfigurationList = F689A6362C27BE6C004A0101 /* Build configuration list for PBXNativeTarget "weather_appUITests" */;
			buildPhases = (
				F689A6222C27BE6C004A0101 /* Sources */,
				F689A6232C27BE6C004A0101 /* Frameworks */,
				F689A6242C27BE6C004A0101 /* Resources */,
			);
			buildRules = (
			);
			dependencies = (
				F689A6282C27BE6C004A0101 /* PBXTargetDependency */,
			);
			name = weather_appUITests;
			productName = weather_appUITests;
			productReference = F689A6262C27BE6C004A0101 /* weather_appUITests.xctest */;
			productType = "com.apple.product-type.bundle.ui-testing";
		};
/* End PBXNativeTarget section */

/* Begin PBXProject section */
		F689A6042C27BE6B004A0101 /* Project object */ = {
			isa = PBXProject;
			attributes = {
				BuildIndependentTargetsInParallel = 1;
				LastSwiftUpdateCheck = 1600;
				LastUpgradeCheck = 1600;
				TargetAttributes = {
					F689A60B2C27BE6B004A0101 = {
						CreatedOnToolsVersion = 16.0;
					};
					F689A61B2C27BE6C004A0101 = {
						CreatedOnToolsVersion = 16.0;
						TestTargetID = F689A60B2C27BE6B004A0101;
					};
					F689A6252C27BE6C004A0101 = {
						CreatedOnToolsVersion = 16.0;
						TestTargetID = F689A60B2C27BE6B004A0101;
					};
				};
			};
			buildConfigurationList = F689A6072C27BE6B004A0101 /* Build configuration list for PBXProject "weather_app" */;
			compatibilityVersion = "Xcode 15.0";
			developmentRegion = en;
			hasScannedForEncodings = 0;
			knownRegions = (
				en,
				Base,
			);
			mainGroup = F689A6032C27BE6B004A0101;
			productRefGroup = F689A60D2C27BE6B004A0101 /* Products */;
			projectDirPath = "";
			projectRoot = "";
			targets = (
				F689A60B2C27BE6B004A0101 /* weather_app */,
				F689A61B2C27BE6C004A0101 /* weather_appTests */,
				F689A6252C27BE6C004A0101 /* weather_appUITests */,
			);
		};
/* End PBXProject section */

/* Begin PBXResourcesBuildPhase section */
		F689A60A2C27BE6B004A0101 /* Resources */ = {
			isa = PBXResourcesBuildPhase;
			buildActionMask = 2147483647;
			files = (
				F689A6172C27BE6C004A0101 /* Preview Assets.xcassets in Resources */,
				F689A6142C27BE6C004A0101 /* Assets.xcassets in Resources */,
			);
			runOnlyForDeploymentPostprocessing = 0;
		};
		F689A61A2C27BE6C004A0101 /* Resources */ = {
			isa = PBXResourcesBuildPhase;
			buildActionMask = 2147483647;
			files = (
			);
			runOnlyForDeploymentPostprocessing = 0;
		};
		F689A6242C27BE6C004A0101 /* Resources */ = {
			isa = PBXResourcesBuildPhase;
			buildActionMask = 2147483647;
			files = (
			);
			runOnlyForDeploymentPostprocessing = 0;
		};
/* End PBXResourcesBuildPhase section */

/* Begin PBXSourcesBuildPhase section */
		F689A6082C27BE6B004A0101 /* Sources */ = {
			isa = PBXSourcesBuildPhase;
			buildActionMask = 2147483647;
			files = (
				F689A6122C27BE6B004A0101 /* ContentView.swift in Sources */,
				F689A6102C27BE6B004A0101 /* weather_appApp.swift in Sources */,
			);
			runOnlyForDeploymentPostprocessing = 0;
		};
		F689A6182C27BE6C004A0101 /* Sources */ = {
			isa = PBXSourcesBuildPhase;
			buildActionMask = 2147483647;
			files = (
				F689A6212C27BE6C004A0101 /* weather_appTests.swift in Sources */,
			);
			runOnlyForDeploymentPostprocessing = 0;
		};
		F689A6222C27BE6C004A0101 /* Sources */ = {
			isa = PBXSourcesBuildPhase;
			buildActionMask = 2147483647;
			files = (
				F689A62B2C27BE6C004A0101 /* weather_appUITests.swift in Sources */,
				F689A62D2C27BE6C004A0101 /* weather_appUITestsLaunchTests.swift in Sources */,
			);
			runOnlyForDeploymentPostprocessing = 0;
		};
/* End PBXSourcesBuildPhase section */

/* Begin PBXTargetDependency section */
		F689A61E2C27BE6C004A0101 /* PBXTargetDependency */ = {
			isa = PBXTargetDependency;
			target = F689A60B2C27BE6B004A0101 /* weather_app */;
			targetProxy = F689A61D2C27BE6C004A0101 /* PBXContainerItemProxy */;
		};
		F689A6282C27BE6C004A0101 /* PBXTargetDependency */ = {
			isa = PBXTargetDependency;
			target = F689A60B2C27BE6B004A0101 /* weather_app */;
			targetProxy = F689A6272C27BE6C004A0101 /* PBXContainerItemProxy */;
		};
/* End PBXTargetDependency section */

/* Begin XCBuildConfiguration section */
		F689A62E2C27BE6C004A0101 /* Debug */ = {
			isa = XCBuildConfiguration;
			buildSettings = {
				ALWAYS_SEARCH_USER_PATHS = NO;
				ASSETCATALOG_COMPILER_GENERATE_SWIFT_ASSET_SYMBOL_EXTENSIONS = YES;
				CLANG_ANALYZER_NONNULL = YES;
				CLANG_ANALYZER_NUMBER_OBJECT_CONVERSION = YES_AGGRESSIVE;
				CLANG_CXX_LANGUAGE_STANDARD = "gnu++20";
				CLANG_ENABLE_MODULES = YES;
				CLANG_ENABLE_OBJC_ARC = YES;
				CLANG_ENABLE_OBJC_WEAK = YES;
				CLANG_WARN_BLOCK_CAPTURE_AUTORELEASING = YES;
				CLANG_WARN_BOOL_CONVERSION = YES;
				CLANG_WARN_COMMA = YES;
				CLANG_WARN_CONSTANT_CONVERSION = YES;
				CLANG_WARN_DEPRECATED_OBJC_IMPLEMENTATIONS = YES;
				CLANG_WARN_DIRECT_OBJC_ISA_USAGE = YES_ERROR;
				CLANG_WARN_DOCUMENTATION_COMMENTS = YES;
				CLANG_WARN_EMPTY_BODY = YES;
				CLANG_WARN_ENUM_CONVERSION = YES;
				CLANG_WARN_INFINITE_RECURSION = YES;
				CLANG_WARN_INT_CONVERSION = YES;
				CLANG_WARN_NON_LITERAL_NULL_CONVERSION = YES;
				CLANG_WARN_OBJC_IMPLICIT_RETAIN_SELF = YES;
				CLANG_WARN_OBJC_LITERAL_CONVERSION = YES;
				CLANG_WARN_OBJC_ROOT_CLASS = YES_ERROR;
				CLANG_WARN_QUOTED_INCLUDE_IN_FRAMEWORK_HEADER = YES;
				CLANG_WARN_RANGE_LOOP_ANALYSIS = YES;
				CLANG_WARN_STRICT_PROTOTYPES = YES;
				CLANG_WARN_SUSPICIOUS_MOVE = YES;
				CLANG_WARN_UNGUARDED_AVAILABILITY = YES_AGGRESSIVE;
				CLANG_WARN_UNREACHABLE_CODE = YES;
				CLANG_WARN__DUPLICATE_METHOD_MATCH = YES;
				COPY_PHASE_STRIP = NO;
				DEBUG_INFORMATION_FORMAT = dwarf;
				ENABLE_STRICT_OBJC_MSGSEND = YES;
				ENABLE_TESTABILITY = YES;
				ENABLE_USER_SCRIPT_SANDBOXING = YES;
				GCC_C_LANGUAGE_STANDARD = gnu17;
				GCC_DYNAMIC_NO_PIC = NO;
				GCC_NO_COMMON_BLOCKS = YES;
				GCC_OPTIMIZATION_LEVEL = 0;
				GCC_PREPROCESSOR_DEFINITIONS = (
					"DEBUG=1",
					"$(inherited)",
				);
				GCC_WARN_64_TO_32_BIT_CONVERSION = YES;
				GCC_WARN_ABOUT_RETURN_TYPE = YES_ERROR;
				GCC_WARN_UNDECLARED_SELECTOR = YES;
				GCC_WARN_UNINITIALIZED_AUTOS = YES_AGGRESSIVE;
				GCC_WARN_UNUSED_FUNCTION = YES;
				GCC_WARN_UNUSED_VARIABLE = YES;
				IPHONEOS_DEPLOYMENT_TARGET = 18.0;
				LOCALIZATION_PREFERS_STRING_CATALOGS = YES;
				MTL_ENABLE_DEBUG_INFO = INCLUDE_SOURCE;
				MTL_FAST_MATH = YES;
				ONLY_ACTIVE_ARCH = YES;
				SDKROOT = iphoneos;
				SWIFT_ACTIVE_COMPILATION_CONDITIONS = "DEBUG $(inherited)";
				SWIFT_OPTIMIZATION_LEVEL = "-Onone";
			};
			name = Debug;
		};
		F689A62F2C27BE6C004A0101 /* Release */ = {
			isa = XCBuildConfiguration;
			buildSettings = {
				ALWAYS_SEARCH_USER_PATHS = NO;
				ASSETCATALOG_COMPILER_GENERATE_SWIFT_ASSET_SYMBOL_EXTENSIONS = YES;
				CLANG_ANALYZER_NONNULL = YES;
				CLANG_ANALYZER_NUMBER_OBJECT_CONVERSION = YES_AGGRESSIVE;
				CLANG_CXX_LANGUAGE_STANDARD = "gnu++20";
				CLANG_ENABLE_MODULES = YES;
				CLANG_ENABLE_OBJC_ARC = YES;
				CLANG_ENABLE_OBJC_WEAK = YES;
				CLANG_WARN_BLOCK_CAPTURE_AUTORELEASING = YES;
				CLANG_WARN_BOOL_CONVERSION = YES;
				CLANG_WARN_COMMA = YES;
				CLANG_WARN_CONSTANT_CONVERSION = YES;
				CLANG_WARN_DEPRECATED_OBJC_IMPLEMENTATIONS = YES;
				CLANG_WARN_DIRECT_OBJC_ISA_USAGE = YES_ERROR;
				CLANG_WARN_DOCUMENTATION_COMMENTS = YES;
				CLANG_WARN_EMPTY_BODY = YES;
				CLANG_WARN_ENUM_CONVERSION = YES;
				CLANG_WARN_INFINITE_RECURSION = YES;
				CLANG_WARN_INT_CONVERSION = YES;
				CLANG_WARN_NON_LITERAL_NULL_CONVERSION = YES;
				CLANG_WARN_OBJC_IMPLICIT_RETAIN_SELF = YES;
				CLANG_WARN_OBJC_LITERAL_CONVERSION = YES;
				CLANG_WARN_OBJC_ROOT_CLASS = YES_ERROR;
				CLANG_WARN_QUOTED_INCLUDE_IN_FRAMEWORK_HEADER = YES;
				CLANG_WARN_RANGE_LOOP_ANALYSIS = YES;
				CLANG_WARN_STRICT_PROTOTYPES = YES;
				CLANG_WARN_SUSPICIOUS_MOVE = YES;
				CLANG_WARN_UNGUARDED_AVAILABILITY = YES_AGGRESSIVE;
				CLANG_WARN_UNREACHABLE_CODE = YES;
				CLANG_WARN__DUPLICATE_METHOD_MATCH = YES;
				COPY_PHASE_STRIP = NO;
				DEBUG_INFORMATION_FORMAT = "dwarf-with-dsym";
				ENABLE_NS_ASSERTIONS = NO;
				ENABLE_STRICT_OBJC_MSGSEND = YES;
				ENABLE_USER_SCRIPT_SANDBOXING = YES;
				GCC_C_LANGUAGE_STANDARD = gnu17;
				GCC_NO_COMMON_BLOCKS = YES;
				GCC_WARN_64_TO_32_BIT_CONVERSION = YES;
				GCC_WARN_ABOUT_RETURN_TYPE = YES_ERROR;
				GCC_WARN_UNDECLARED_SELECTOR = YES;
				GCC_WARN_UNINITIALIZED_AUTOS = YES_AGGRESSIVE;
				GCC_WARN_UNUSED_FUNCTION = YES;
				GCC_WARN_UNUSED_VARIABLE = YES;
				IPHONEOS_DEPLOYMENT_TARGET = 18.0;
				LOCALIZATION_PREFERS_STRING_CATALOGS = YES;
				MTL_ENABLE_DEBUG_INFO = NO;
				MTL_FAST_MATH = YES;
				SDKROOT = iphoneos;
				SWIFT_COMPILATION_MODE = wholemodule;
				VALIDATE_PRODUCT = YES;
			};
			name = Release;
		};
		F689A6312C27BE6C004A0101 /* Debug */ = {
			isa = XCBuildConfiguration;
			buildSettings = {
				ASSETCATALOG_COMPILER_APPICON_NAME = AppIcon;
				ASSETCATALOG_COMPILER_GLOBAL_ACCENT_COLOR_NAME = AccentColor;
				CODE_SIGN_STYLE = Automatic;
				CURRENT_PROJECT_VERSION = 1;
				DEVELOPMENT_ASSET_PATHS = "\"weather_app/Preview Content\"";
				DEVELOPMENT_TEAM = 2NFD5PY7N5;
				ENABLE_PREVIEWS = YES;
				GENERATE_INFOPLIST_FILE = YES;
				INFOPLIST_KEY_UIApplicationSceneManifest_Generation = YES;
				INFOPLIST_KEY_UIApplicationSupportsIndirectInputEvents = YES;
				INFOPLIST_KEY_UILaunchScreen_Generation = YES;
				INFOPLIST_KEY_UISupportedInterfaceOrientations_iPad = "UIInterfaceOrientationPortrait UIInterfaceOrientationPortraitUpsideDown UIInterfaceOrientationLandscapeLeft UIInterfaceOrientationLandscapeRight";
				INFOPLIST_KEY_UISupportedInterfaceOrientations_iPhone = "UIInterfaceOrientationPortrait UIInterfaceOrientationLandscapeLeft UIInterfaceOrientationLandscapeRight";
				LD_RUNPATH_SEARCH_PATHS = (
					"$(inherited)",
					"@executable_path/Frameworks",
				);
				MARKETING_VERSION = 1.0;
				PRODUCT_BUNDLE_IDENTIFIER = "com.rodrigoacode.weather-app";
				PRODUCT_NAME = "$(TARGET_NAME)";
				SWIFT_EMIT_LOC_STRINGS = YES;
				SWIFT_VERSION = 5.0;
				TARGETED_DEVICE_FAMILY = "1,2";
			};
			name = Debug;
		};
		F689A6322C27BE6C004A0101 /* Release */ = {
			isa = XCBuildConfiguration;
			buildSettings = {
				ASSETCATALOG_COMPILER_APPICON_NAME = AppIcon;
				ASSETCATALOG_COMPILER_GLOBAL_ACCENT_COLOR_NAME = AccentColor;
				CODE_SIGN_STYLE = Automatic;
				CURRENT_PROJECT_VERSION = 1;
				DEVELOPMENT_ASSET_PATHS = "\"weather_app/Preview Content\"";
				DEVELOPMENT_TEAM = 2NFD5PY7N5;
				ENABLE_PREVIEWS = YES;
				GENERATE_INFOPLIST_FILE = YES;
				INFOPLIST_KEY_UIApplicationSceneManifest_Generation = YES;
				INFOPLIST_KEY_UIApplicationSupportsIndirectInputEvents = YES;
				INFOPLIST_KEY_UILaunchScreen_Generation = YES;
				INFOPLIST_KEY_UISupportedInterfaceOrientations_iPad = "UIInterfaceOrientationPortrait UIInterfaceOrientationPortraitUpsideDown UIInterfaceOrientationLandscapeLeft UIInterfaceOrientationLandscapeRight";
				INFOPLIST_KEY_UISupportedInterfaceOrientations_iPhone = "UIInterfaceOrientationPortrait UIInterfaceOrientationLandscapeLeft UIInterfaceOrientationLandscapeRight";
				LD_RUNPATH_SEARCH_PATHS = (
					"$(inherited)",
					"@executable_path/Frameworks",
				);
				MARKETING_VERSION = 1.0;
				PRODUCT_BUNDLE_IDENTIFIER = "com.rodrigoacode.weather-app";
				PRODUCT_NAME = "$(TARGET_NAME)";
				SWIFT_EMIT_LOC_STRINGS = YES;
				SWIFT_VERSION = 5.0;
				TARGETED_DEVICE_FAMILY = "1,2";
			};
			name = Release;
		};
		F689A6342C27BE6C004A0101 /* Debug */ = {
			isa = XCBuildConfiguration;
			buildSettings = {
				BUNDLE_LOADER = "$(TEST_HOST)";
				CODE_SIGN_STYLE = Automatic;
				CURRENT_PROJECT_VERSION = 1;
				DEVELOPMENT_TEAM = 2NFD5PY7N5;
				GENERATE_INFOPLIST_FILE = YES;
				IPHONEOS_DEPLOYMENT_TARGET = 18.0;
				MARKETING_VERSION = 1.0;
				PRODUCT_BUNDLE_IDENTIFIER = "com.rodrigoacode.weather-appTests";
				PRODUCT_NAME = "$(TARGET_NAME)";
				SWIFT_EMIT_LOC_STRINGS = NO;
				SWIFT_VERSION = 5.0;
				TARGETED_DEVICE_FAMILY = "1,2";
				TEST_HOST = "$(BUILT_PRODUCTS_DIR)/weather_app.app/$(BUNDLE_EXECUTABLE_FOLDER_PATH)/weather_app";
			};
			name = Debug;
		};
		F689A6352C27BE6C004A0101 /* Release */ = {
			isa = XCBuildConfiguration;
			buildSettings = {
				BUNDLE_LOADER = "$(TEST_HOST)";
				CODE_SIGN_STYLE = Automatic;
				CURRENT_PROJECT_VERSION = 1;
				DEVELOPMENT_TEAM = 2NFD5PY7N5;
				GENERATE_INFOPLIST_FILE = YES;
				IPHONEOS_DEPLOYMENT_TARGET = 18.0;
				MARKETING_VERSION = 1.0;
				PRODUCT_BUNDLE_IDENTIFIER = "com.rodrigoacode.weather-appTests";
				PRODUCT_NAME = "$(TARGET_NAME)";
				SWIFT_EMIT_LOC_STRINGS = NO;
				SWIFT_VERSION = 5.0;
				TARGETED_DEVICE_FAMILY = "1,2";
				TEST_HOST = "$(BUILT_PRODUCTS_DIR)/weather_app.app/$(BUNDLE_EXECUTABLE_FOLDER_PATH)/weather_app";
			};
			name = Release;
		};
		F689A6372C27BE6C004A0101 /* Debug */ = {
			isa = XCBuildConfiguration;
			buildSettings = {
				CODE_SIGN_STYLE = Automatic;
				CURRENT_PROJECT_VERSION = 1;
				DEVELOPMENT_TEAM = 2NFD5PY7N5;
				GENERATE_INFOPLIST_FILE = YES;
				MARKETING_VERSION = 1.0;
				PRODUCT_BUNDLE_IDENTIFIER = "com.rodrigoacode.weather-appUITests";
				PRODUCT_NAME = "$(TARGET_NAME)";
				SWIFT_EMIT_LOC_STRINGS = NO;
				SWIFT_VERSION = 5.0;
				TARGETED_DEVICE_FAMILY = "1,2";
				TEST_TARGET_NAME = weather_app;
			};
			name = Debug;
		};
		F689A6382C27BE6C004A0101 /* Release */ = {
			isa = XCBuildConfiguration;
			buildSettings = {
				CODE_SIGN_STYLE = Automatic;
				CURRENT_PROJECT_VERSION = 1;
				DEVELOPMENT_TEAM = 2NFD5PY7N5;
				GENERATE_INFOPLIST_FILE = YES;
				MARKETING_VERSION = 1.0;
				PRODUCT_BUNDLE_IDENTIFIER = "com.rodrigoacode.weather-appUITests";
				PRODUCT_NAME = "$(TARGET_NAME)";
				SWIFT_EMIT_LOC_STRINGS = NO;
				SWIFT_VERSION = 5.0;
				TARGETED_DEVICE_FAMILY = "1,2";
				TEST_TARGET_NAME = weather_app;
			};
			name = Release;
		};
/* End XCBuildConfiguration section */

/* Begin XCConfigurationList section */
		F689A6072C27BE6B004A0101 /* Build configuration list for PBXProject "weather_app" */ = {
			isa = XCConfigurationList;
			buildConfigurations = (
				F689A62E2C27BE6C004A0101 /* Debug */,
				F689A62F2C27BE6C004A0101 /* Release */,
			);
			defaultConfigurationIsVisible = 0;
			defaultConfigurationName = Release;
		};
		F689A6302C27BE6C004A0101 /* Build configuration list for PBXNativeTarget "weather_app" */ = {
			isa = XCConfigurationList;
			buildConfigurations = (
				F689A6312C27BE6C004A0101 /* Debug */,
				F689A6322C27BE6C004A0101 /* Release */,
			);
			defaultConfigurationIsVisible = 0;
			defaultConfigurationName = Release;
		};
		F689A6332C27BE6C004A0101 /* Build configuration list for PBXNativeTarget "weather_appTests" */ = {
			isa = XCConfigurationList;
			buildConfigurations = (
				F689A6342C27BE6C004A0101 /* Debug */,
				F689A6352C27BE6C004A0101 /* Release */,
			);
			defaultConfigurationIsVisible = 0;
			defaultConfigurationName = Release;
		};
		F689A6362C27BE6C004A0101 /* Build configuration list for PBXNativeTarget "weather_appUITests" */ = {
			isa = XCConfigurationList;
			buildConfigurations = (
				F689A6372C27BE6C004A0101 /* Debug */,
				F689A6382C27BE6C004A0101 /* Release */,
			);
			defaultConfigurationIsVisible = 0;
			defaultConfigurationName = Release;
		};
/* End XCConfigurationList section */
	};
	rootObject = F689A6042C27BE6B004A0101 /* Project object */;
}
